// !$*UTF8*$!
{
	archiveVersion = 1;
	classes = {
	};
	objectVersion = 55;
	objects = {

/* Begin PBXBuildFile section */
		62B18D4027CB952900498EC2 /* AppDelegate.swift in Sources */ = {isa = PBXBuildFile; fileRef = 62B18D3F27CB952900498EC2 /* AppDelegate.swift */; };
		62B18D4227CB952900498EC2 /* SceneDelegate.swift in Sources */ = {isa = PBXBuildFile; fileRef = 62B18D4127CB952900498EC2 /* SceneDelegate.swift */; };
		62B18D4927CB952A00498EC2 /* Assets.xcassets in Resources */ = {isa = PBXBuildFile; fileRef = 62B18D4827CB952A00498EC2 /* Assets.xcassets */; };
		62B18D4C27CB952A00498EC2 /* LaunchScreen.storyboard in Resources */ = {isa = PBXBuildFile; fileRef = 62B18D4A27CB952A00498EC2 /* LaunchScreen.storyboard */; };
		62B18D5A27CB95F500498EC2 /* HomeProtocols.swift in Sources */ = {isa = PBXBuildFile; fileRef = 62B18D5927CB95F500498EC2 /* HomeProtocols.swift */; };
		62B18D5C27CB960400498EC2 /* HomeViewController.swift in Sources */ = {isa = PBXBuildFile; fileRef = 62B18D5B27CB960400498EC2 /* HomeViewController.swift */; };
		62B18D5E27CB961000498EC2 /* HomeInteractor.swift in Sources */ = {isa = PBXBuildFile; fileRef = 62B18D5D27CB961000498EC2 /* HomeInteractor.swift */; };
		62B18D6027CB961800498EC2 /* HomePresenter.swift in Sources */ = {isa = PBXBuildFile; fileRef = 62B18D5F27CB961800498EC2 /* HomePresenter.swift */; };
		62B18D6227CB962000498EC2 /* HomeRouter.swift in Sources */ = {isa = PBXBuildFile; fileRef = 62B18D6127CB962000498EC2 /* HomeRouter.swift */; };
/* End PBXBuildFile section */

/* Begin PBXFileReference section */
		62B18D3C27CB952900498EC2 /* mooviez.app */ = {isa = PBXFileReference; explicitFileType = wrapper.application; includeInIndex = 0; path = mooviez.app; sourceTree = BUILT_PRODUCTS_DIR; };
		62B18D3F27CB952900498EC2 /* AppDelegate.swift */ = {isa = PBXFileReference; lastKnownFileType = sourcecode.swift; path = AppDelegate.swift; sourceTree = "<group>"; };
		62B18D4127CB952900498EC2 /* SceneDelegate.swift */ = {isa = PBXFileReference; lastKnownFileType = sourcecode.swift; path = SceneDelegate.swift; sourceTree = "<group>"; };
		62B18D4827CB952A00498EC2 /* Assets.xcassets */ = {isa = PBXFileReference; lastKnownFileType = folder.assetcatalog; path = Assets.xcassets; sourceTree = "<group>"; };
		62B18D4B27CB952A00498EC2 /* Base */ = {isa = PBXFileReference; lastKnownFileType = file.storyboard; name = Base; path = Base.lproj/LaunchScreen.storyboard; sourceTree = "<group>"; };
		62B18D4D27CB952A00498EC2 /* Info.plist */ = {isa = PBXFileReference; lastKnownFileType = text.plist.xml; path = Info.plist; sourceTree = "<group>"; };
		62B18D5927CB95F500498EC2 /* HomeProtocols.swift */ = {isa = PBXFileReference; lastKnownFileType = sourcecode.swift; path = HomeProtocols.swift; sourceTree = "<group>"; };
		62B18D5B27CB960400498EC2 /* HomeViewController.swift */ = {isa = PBXFileReference; lastKnownFileType = sourcecode.swift; path = HomeViewController.swift; sourceTree = "<group>"; };
		62B18D5D27CB961000498EC2 /* HomeInteractor.swift */ = {isa = PBXFileReference; lastKnownFileType = sourcecode.swift; path = HomeInteractor.swift; sourceTree = "<group>"; };
		62B18D5F27CB961800498EC2 /* HomePresenter.swift */ = {isa = PBXFileReference; lastKnownFileType = sourcecode.swift; path = HomePresenter.swift; sourceTree = "<group>"; };
		62B18D6127CB962000498EC2 /* HomeRouter.swift */ = {isa = PBXFileReference; lastKnownFileType = sourcecode.swift; path = HomeRouter.swift; sourceTree = "<group>"; };
/* End PBXFileReference section */

/* Begin PBXFrameworksBuildPhase section */
		62B18D3927CB952900498EC2 /* Frameworks */ = {
			isa = PBXFrameworksBuildPhase;
			buildActionMask = 2147483647;
			files = (
			);
			runOnlyForDeploymentPostprocessing = 0;
		};
/* End PBXFrameworksBuildPhase section */

/* Begin PBXGroup section */
		62B18D3327CB952900498EC2 = {
			isa = PBXGroup;
			children = (
				62B18D3E27CB952900498EC2 /* mooviez */,
				62B18D3D27CB952900498EC2 /* Products */,
			);
			sourceTree = "<group>";
		};
		62B18D3D27CB952900498EC2 /* Products */ = {
			isa = PBXGroup;
			children = (
				62B18D3C27CB952900498EC2 /* mooviez.app */,
			);
			name = Products;
			sourceTree = "<group>";
		};
		62B18D3E27CB952900498EC2 /* mooviez */ = {
			isa = PBXGroup;
			children = (
				62B18D5327CB956900498EC2 /* app */,
				62B18D5627CB95A100498EC2 /* source */,
				62B18D5527CB958C00498EC2 /* media */,
				62B18D5427CB957800498EC2 /* supporting-files */,
			);
			path = mooviez;
			sourceTree = "<group>";
		};
		62B18D5327CB956900498EC2 /* app */ = {
			isa = PBXGroup;
			children = (
				62B18D3F27CB952900498EC2 /* AppDelegate.swift */,
				62B18D4127CB952900498EC2 /* SceneDelegate.swift */,
			);
			path = app;
			sourceTree = "<group>";
		};
		62B18D5427CB957800498EC2 /* supporting-files */ = {
			isa = PBXGroup;
			children = (
				62B18D4A27CB952A00498EC2 /* LaunchScreen.storyboard */,
				62B18D4D27CB952A00498EC2 /* Info.plist */,
			);
			path = "supporting-files";
			sourceTree = "<group>";
		};
		62B18D5527CB958C00498EC2 /* media */ = {
			isa = PBXGroup;
			children = (
				62B18D4827CB952A00498EC2 /* Assets.xcassets */,
			);
			path = media;
			sourceTree = "<group>";
		};
		62B18D5627CB95A100498EC2 /* source */ = {
			isa = PBXGroup;
			children = (
				62B18D5727CB95AB00498EC2 /* modules */,
			);
			path = source;
			sourceTree = "<group>";
		};
		62B18D5727CB95AB00498EC2 /* modules */ = {
			isa = PBXGroup;
			children = (
				62B18D5827CB95EC00498EC2 /* home */,
			);
			path = modules;
			sourceTree = "<group>";
		};
		62B18D5827CB95EC00498EC2 /* home */ = {
			isa = PBXGroup;
			children = (
				62B18D5927CB95F500498EC2 /* HomeProtocols.swift */,
				62B18D5B27CB960400498EC2 /* HomeViewController.swift */,
				62B18D5D27CB961000498EC2 /* HomeInteractor.swift */,
				62B18D5F27CB961800498EC2 /* HomePresenter.swift */,
				62B18D6127CB962000498EC2 /* HomeRouter.swift */,
			);
			path = home;
			sourceTree = "<group>";
		};
/* End PBXGroup section */

/* Begin PBXNativeTarget section */
		62B18D3B27CB952900498EC2 /* mooviez */ = {
			isa = PBXNativeTarget;
			buildConfigurationList = 62B18D5027CB952A00498EC2 /* Build configuration list for PBXNativeTarget "mooviez" */;
			buildPhases = (
				62B18D3827CB952900498EC2 /* Sources */,
				62B18D3927CB952900498EC2 /* Frameworks */,
				62B18D3A27CB952900498EC2 /* Resources */,
			);
			buildRules = (
			);
			dependencies = (
			);
			name = mooviez;
			productName = mooviez;
			productReference = 62B18D3C27CB952900498EC2 /* mooviez.app */;
			productType = "com.apple.product-type.application";
		};
/* End PBXNativeTarget section */

/* Begin PBXProject section */
		62B18D3427CB952900498EC2 /* Project object */ = {
			isa = PBXProject;
			attributes = {
				BuildIndependentTargetsInParallel = 1;
				LastSwiftUpdateCheck = 1330;
				LastUpgradeCheck = 1330;
				TargetAttributes = {
					62B18D3B27CB952900498EC2 = {
						CreatedOnToolsVersion = 13.3;
					};
				};
			};
			buildConfigurationList = 62B18D3727CB952900498EC2 /* Build configuration list for PBXProject "mooviez" */;
			compatibilityVersion = "Xcode 13.0";
			developmentRegion = en;
			hasScannedForEncodings = 0;
			knownRegions = (
				en,
				Base,
			);
			mainGroup = 62B18D3327CB952900498EC2;
			productRefGroup = 62B18D3D27CB952900498EC2 /* Products */;
			projectDirPath = "";
			projectRoot = "";
			targets = (
				62B18D3B27CB952900498EC2 /* mooviez */,
			);
		};
/* End PBXProject section */

/* Begin PBXResourcesBuildPhase section */
		62B18D3A27CB952900498EC2 /* Resources */ = {
			isa = PBXResourcesBuildPhase;
			buildActionMask = 2147483647;
			files = (
				62B18D4C27CB952A00498EC2 /* LaunchScreen.storyboard in Resources */,
				62B18D4927CB952A00498EC2 /* Assets.xcassets in Resources */,
			);
			runOnlyForDeploymentPostprocessing = 0;
		};
/* End PBXResourcesBuildPhase section */

/* Begin PBXSourcesBuildPhase section */
		62B18D3827CB952900498EC2 /* Sources */ = {
			isa = PBXSourcesBuildPhase;
			buildActionMask = 2147483647;
			files = (
				62B18D4027CB952900498EC2 /* AppDelegate.swift in Sources */,
				62B18D5A27CB95F500498EC2 /* HomeProtocols.swift in Sources */,
				62B18D6227CB962000498EC2 /* HomeRouter.swift in Sources */,
				62B18D4227CB952900498EC2 /* SceneDelegate.swift in Sources */,
				62B18D6027CB961800498EC2 /* HomePresenter.swift in Sources */,
				62B18D5E27CB961000498EC2 /* HomeInteractor.swift in Sources */,
				62B18D5C27CB960400498EC2 /* HomeViewController.swift in Sources */,
			);
			runOnlyForDeploymentPostprocessing = 0;
		};
/* End PBXSourcesBuildPhase section */

/* Begin PBXVariantGroup section */
		62B18D4A27CB952A00498EC2 /* LaunchScreen.storyboard */ = {
			isa = PBXVariantGroup;
			children = (
				62B18D4B27CB952A00498EC2 /* Base */,
			);
			name = LaunchScreen.storyboard;
			sourceTree = "<group>";
		};
/* End PBXVariantGroup section */

/* Begin XCBuildConfiguration section */
		62B18D4E27CB952A00498EC2 /* Debug */ = {
			isa = XCBuildConfiguration;
			buildSettings = {
				ALWAYS_SEARCH_USER_PATHS = NO;
				CLANG_ANALYZER_NONNULL = YES;
				CLANG_ANALYZER_NUMBER_OBJECT_CONVERSION = YES_AGGRESSIVE;
				CLANG_CXX_LANGUAGE_STANDARD = "gnu++17";
				CLANG_ENABLE_MODULES = YES;
				CLANG_ENABLE_OBJC_ARC = YES;
				CLANG_ENABLE_OBJC_WEAK = YES;
				CLANG_WARN_BLOCK_CAPTURE_AUTORELEASING = YES;
				CLANG_WARN_BOOL_CONVERSION = YES;
				CLANG_WARN_COMMA = YES;
				CLANG_WARN_CONSTANT_CONVERSION = YES;
				CLANG_WARN_DEPRECATED_OBJC_IMPLEMENTATIONS = YES;
				CLANG_WARN_DIRECT_OBJC_ISA_USAGE = YES_ERROR;
				CLANG_WARN_DOCUMENTATION_COMMENTS = YES;
				CLANG_WARN_EMPTY_BODY = YES;
				CLANG_WARN_ENUM_CONVERSION = YES;
				CLANG_WARN_INFINITE_RECURSION = YES;
				CLANG_WARN_INT_CONVERSION = YES;
				CLANG_WARN_NON_LITERAL_NULL_CONVERSION = YES;
				CLANG_WARN_OBJC_IMPLICIT_RETAIN_SELF = YES;
				CLANG_WARN_OBJC_LITERAL_CONVERSION = YES;
				CLANG_WARN_OBJC_ROOT_CLASS = YES_ERROR;
				CLANG_WARN_QUOTED_INCLUDE_IN_FRAMEWORK_HEADER = YES;
				CLANG_WARN_RANGE_LOOP_ANALYSIS = YES;
				CLANG_WARN_STRICT_PROTOTYPES = YES;
				CLANG_WARN_SUSPICIOUS_MOVE = YES;
				CLANG_WARN_UNGUARDED_AVAILABILITY = YES_AGGRESSIVE;
				CLANG_WARN_UNREACHABLE_CODE = YES;
				CLANG_WARN__DUPLICATE_METHOD_MATCH = YES;
				COPY_PHASE_STRIP = NO;
				DEBUG_INFORMATION_FORMAT = dwarf;
				ENABLE_STRICT_OBJC_MSGSEND = YES;
				ENABLE_TESTABILITY = YES;
				GCC_C_LANGUAGE_STANDARD = gnu11;
				GCC_DYNAMIC_NO_PIC = NO;
				GCC_NO_COMMON_BLOCKS = YES;
				GCC_OPTIMIZATION_LEVEL = 0;
				GCC_PREPROCESSOR_DEFINITIONS = (
					"DEBUG=1",
					"$(inherited)",
				);
				GCC_WARN_64_TO_32_BIT_CONVERSION = YES;
				GCC_WARN_ABOUT_RETURN_TYPE = YES_ERROR;
				GCC_WARN_UNDECLARED_SELECTOR = YES;
				GCC_WARN_UNINITIALIZED_AUTOS = YES_AGGRESSIVE;
				GCC_WARN_UNUSED_FUNCTION = YES;
				GCC_WARN_UNUSED_VARIABLE = YES;
				IPHONEOS_DEPLOYMENT_TARGET = 15.4;
				MTL_ENABLE_DEBUG_INFO = INCLUDE_SOURCE;
				MTL_FAST_MATH = YES;
				ONLY_ACTIVE_ARCH = YES;
				SDKROOT = iphoneos;
				SWIFT_ACTIVE_COMPILATION_CONDITIONS = DEBUG;
				SWIFT_OPTIMIZATION_LEVEL = "-Onone";
			};
			name = Debug;
		};
		62B18D4F27CB952A00498EC2 /* Release */ = {
			isa = XCBuildConfiguration;
			buildSettings = {
				ALWAYS_SEARCH_USER_PATHS = NO;
				CLANG_ANALYZER_NONNULL = YES;
				CLANG_ANALYZER_NUMBER_OBJECT_CONVERSION = YES_AGGRESSIVE;
				CLANG_CXX_LANGUAGE_STANDARD = "gnu++17";
				CLANG_ENABLE_MODULES = YES;
				CLANG_ENABLE_OBJC_ARC = YES;
				CLANG_ENABLE_OBJC_WEAK = YES;
				CLANG_WARN_BLOCK_CAPTURE_AUTORELEASING = YES;
				CLANG_WARN_BOOL_CONVERSION = YES;
				CLANG_WARN_COMMA = YES;
				CLANG_WARN_CONSTANT_CONVERSION = YES;
				CLANG_WARN_DEPRECATED_OBJC_IMPLEMENTATIONS = YES;
				CLANG_WARN_DIRECT_OBJC_ISA_USAGE = YES_ERROR;
				CLANG_WARN_DOCUMENTATION_COMMENTS = YES;
				CLANG_WARN_EMPTY_BODY = YES;
				CLANG_WARN_ENUM_CONVERSION = YES;
				CLANG_WARN_INFINITE_RECURSION = YES;
				CLANG_WARN_INT_CONVERSION = YES;
				CLANG_WARN_NON_LITERAL_NULL_CONVERSION = YES;
				CLANG_WARN_OBJC_IMPLICIT_RETAIN_SELF = YES;
				CLANG_WARN_OBJC_LITERAL_CONVERSION = YES;
				CLANG_WARN_OBJC_ROOT_CLASS = YES_ERROR;
				CLANG_WARN_QUOTED_INCLUDE_IN_FRAMEWORK_HEADER = YES;
				CLANG_WARN_RANGE_LOOP_ANALYSIS = YES;
				CLANG_WARN_STRICT_PROTOTYPES = YES;
				CLANG_WARN_SUSPICIOUS_MOVE = YES;
				CLANG_WARN_UNGUARDED_AVAILABILITY = YES_AGGRESSIVE;
				CLANG_WARN_UNREACHABLE_CODE = YES;
				CLANG_WARN__DUPLICATE_METHOD_MATCH = YES;
				COPY_PHASE_STRIP = NO;
				DEBUG_INFORMATION_FORMAT = "dwarf-with-dsym";
				ENABLE_NS_ASSERTIONS = NO;
				ENABLE_STRICT_OBJC_MSGSEND = YES;
				GCC_C_LANGUAGE_STANDARD = gnu11;
				GCC_NO_COMMON_BLOCKS = YES;
				GCC_WARN_64_TO_32_BIT_CONVERSION = YES;
				GCC_WARN_ABOUT_RETURN_TYPE = YES_ERROR;
				GCC_WARN_UNDECLARED_SELECTOR = YES;
				GCC_WARN_UNINITIALIZED_AUTOS = YES_AGGRESSIVE;
				GCC_WARN_UNUSED_FUNCTION = YES;
				GCC_WARN_UNUSED_VARIABLE = YES;
				IPHONEOS_DEPLOYMENT_TARGET = 15.4;
				MTL_ENABLE_DEBUG_INFO = NO;
				MTL_FAST_MATH = YES;
				SDKROOT = iphoneos;
				SWIFT_COMPILATION_MODE = wholemodule;
				SWIFT_OPTIMIZATION_LEVEL = "-O";
				VALIDATE_PRODUCT = YES;
			};
			name = Release;
		};
		62B18D5127CB952A00498EC2 /* Debug */ = {
			isa = XCBuildConfiguration;
			buildSettings = {
				ASSETCATALOG_COMPILER_APPICON_NAME = AppIcon;
				ASSETCATALOG_COMPILER_GLOBAL_ACCENT_COLOR_NAME = AccentColor;
				CODE_SIGN_STYLE = Automatic;
				CURRENT_PROJECT_VERSION = 1;
				GENERATE_INFOPLIST_FILE = YES;
				INFOPLIST_FILE = "mooviez/supporting-files/Info.plist";
				INFOPLIST_KEY_UIApplicationSupportsIndirectInputEvents = YES;
				INFOPLIST_KEY_UILaunchStoryboardName = LaunchScreen;
				INFOPLIST_KEY_UISupportedInterfaceOrientations_iPad = "UIInterfaceOrientationPortrait UIInterfaceOrientationPortraitUpsideDown UIInterfaceOrientationLandscapeLeft UIInterfaceOrientationLandscapeRight";
				INFOPLIST_KEY_UISupportedInterfaceOrientations_iPhone = "UIInterfaceOrientationPortrait UIInterfaceOrientationLandscapeLeft UIInterfaceOrientationLandscapeRight";
				LD_RUNPATH_SEARCH_PATHS = (
					"$(inherited)",
					"@executable_path/Frameworks",
				);
				MARKETING_VERSION = 1.0;
				PRODUCT_BUNDLE_IDENTIFIER = "betul-calik.mooviez";
				PRODUCT_NAME = "$(TARGET_NAME)";
				SWIFT_EMIT_LOC_STRINGS = YES;
				SWIFT_VERSION = 5.0;
				TARGETED_DEVICE_FAMILY = "1,2";
			};
			name = Debug;
		};
		62B18D5227CB952A00498EC2 /* Release */ = {
			isa = XCBuildConfiguration;
			buildSettings = {
				ASSETCATALOG_COMPILER_APPICON_NAME = AppIcon;
				ASSETCATALOG_COMPILER_GLOBAL_ACCENT_COLOR_NAME = AccentColor;
				CODE_SIGN_STYLE = Automatic;
				CURRENT_PROJECT_VERSION = 1;
				GENERATE_INFOPLIST_FILE = YES;
				INFOPLIST_FILE = "mooviez/supporting-files/Info.plist";
				INFOPLIST_KEY_UIApplicationSupportsIndirectInputEvents = YES;
				INFOPLIST_KEY_UILaunchStoryboardName = LaunchScreen;
				INFOPLIST_KEY_UISupportedInterfaceOrientations_iPad = "UIInterfaceOrientationPortrait UIInterfaceOrientationPortraitUpsideDown UIInterfaceOrientationLandscapeLeft UIInterfaceOrientationLandscapeRight";
				INFOPLIST_KEY_UISupportedInterfaceOrientations_iPhone = "UIInterfaceOrientationPortrait UIInterfaceOrientationLandscapeLeft UIInterfaceOrientationLandscapeRight";
				LD_RUNPATH_SEARCH_PATHS = (
					"$(inherited)",
					"@executable_path/Frameworks",
				);
				MARKETING_VERSION = 1.0;
				PRODUCT_BUNDLE_IDENTIFIER = "betul-calik.mooviez";
				PRODUCT_NAME = "$(TARGET_NAME)";
				SWIFT_EMIT_LOC_STRINGS = YES;
				SWIFT_VERSION = 5.0;
				TARGETED_DEVICE_FAMILY = "1,2";
			};
			name = Release;
		};
/* End XCBuildConfiguration section */

/* Begin XCConfigurationList section */
		62B18D3727CB952900498EC2 /* Build configuration list for PBXProject "mooviez" */ = {
			isa = XCConfigurationList;
			buildConfigurations = (
				62B18D4E27CB952A00498EC2 /* Debug */,
				62B18D4F27CB952A00498EC2 /* Release */,
			);
			defaultConfigurationIsVisible = 0;
			defaultConfigurationName = Release;
		};
		62B18D5027CB952A00498EC2 /* Build configuration list for PBXNativeTarget "mooviez" */ = {
			isa = XCConfigurationList;
			buildConfigurations = (
				62B18D5127CB952A00498EC2 /* Debug */,
				62B18D5227CB952A00498EC2 /* Release */,
			);
			defaultConfigurationIsVisible = 0;
			defaultConfigurationName = Release;
		};
/* End XCConfigurationList section */
	};
	rootObject = 62B18D3427CB952900498EC2 /* Project object */;
}
