// !$*UTF8*$!
{
	archiveVersion = 1;
	classes = {
	};
	objectVersion = 55;
	objects = {

/* Begin PBXBuildFile section */
		261DF98ABDDD083296AF3560 /* Pods_mooviez.framework in Frameworks */ = {isa = PBXBuildFile; fileRef = 16FCF357D03AA017D0D6117B /* Pods_mooviez.framework */; };
		620CDB1927F62BD00086AB5E /* TabbarViewController.swift in Sources */ = {isa = PBXBuildFile; fileRef = 620CDB1827F62BD00086AB5E /* TabbarViewController.swift */; };
		620CDB1C27F63E3E0086AB5E /* SearchProtocols.swift in Sources */ = {isa = PBXBuildFile; fileRef = 620CDB1B27F63E3E0086AB5E /* SearchProtocols.swift */; };
		620CDB1E27F63E480086AB5E /* SearchViewController.swift in Sources */ = {isa = PBXBuildFile; fileRef = 620CDB1D27F63E480086AB5E /* SearchViewController.swift */; };
		620CDB2027F63E500086AB5E /* SearchPresenter.swift in Sources */ = {isa = PBXBuildFile; fileRef = 620CDB1F27F63E500086AB5E /* SearchPresenter.swift */; };
		620CDB2227F63E5A0086AB5E /* SearchInteractor.swift in Sources */ = {isa = PBXBuildFile; fileRef = 620CDB2127F63E5A0086AB5E /* SearchInteractor.swift */; };
		620CDB2427F63E610086AB5E /* SearchRouter.swift in Sources */ = {isa = PBXBuildFile; fileRef = 620CDB2327F63E610086AB5E /* SearchRouter.swift */; };
		62252DA527DFC91E00AEDA9C /* VerticalMoviesCollectionViewCell.swift in Sources */ = {isa = PBXBuildFile; fileRef = 62252DA427DFC91E00AEDA9C /* VerticalMoviesCollectionViewCell.swift */; };
		623A011F27F7609800435C98 /* SearchMovieTableViewCell.swift in Sources */ = {isa = PBXBuildFile; fileRef = 623A011E27F7609800435C98 /* SearchMovieTableViewCell.swift */; };
		6245DC7027F58F47006AEEF9 /* MovieVideo.swift in Sources */ = {isa = PBXBuildFile; fileRef = 6245DC6F27F58F47006AEEF9 /* MovieVideo.swift */; };
		6245DC7327F59097006AEEF9 /* HomeVideoProtocols.swift in Sources */ = {isa = PBXBuildFile; fileRef = 6245DC7227F59097006AEEF9 /* HomeVideoProtocols.swift */; };
		6245DC7527F590A5006AEEF9 /* HomeVideoViewController.swift in Sources */ = {isa = PBXBuildFile; fileRef = 6245DC7427F590A5006AEEF9 /* HomeVideoViewController.swift */; };
		6245DC7727F590B8006AEEF9 /* HomeVideoInteractor.swift in Sources */ = {isa = PBXBuildFile; fileRef = 6245DC7627F590B8006AEEF9 /* HomeVideoInteractor.swift */; };
		6245DC7927F590C1006AEEF9 /* HomeVideoPresenter.swift in Sources */ = {isa = PBXBuildFile; fileRef = 6245DC7827F590C1006AEEF9 /* HomeVideoPresenter.swift */; };
		6245DC7B27F590CD006AEEF9 /* HomeVideoRouter.swift in Sources */ = {isa = PBXBuildFile; fileRef = 6245DC7A27F590CD006AEEF9 /* HomeVideoRouter.swift */; };
		625F0EC627D54CB200598474 /* Montserrat-Italic.ttf in Resources */ = {isa = PBXBuildFile; fileRef = 625F0EC527D54CB200598474 /* Montserrat-Italic.ttf */; };
		625F0EC827D54CC000598474 /* Montserrat-Bold.ttf in Resources */ = {isa = PBXBuildFile; fileRef = 625F0EC727D54CC000598474 /* Montserrat-Bold.ttf */; };
		625F0ECA27D54CD400598474 /* Montserrat-Regular.ttf in Resources */ = {isa = PBXBuildFile; fileRef = 625F0EC927D54CD400598474 /* Montserrat-Regular.ttf */; };
		625F0ECC27D54CED00598474 /* Montserrat-Light.ttf in Resources */ = {isa = PBXBuildFile; fileRef = 625F0ECB27D54CED00598474 /* Montserrat-Light.ttf */; };
		625F0ECE27D54CFB00598474 /* Montserrat-Medium.ttf in Resources */ = {isa = PBXBuildFile; fileRef = 625F0ECD27D54CFB00598474 /* Montserrat-Medium.ttf */; };
		625F8A6427DE6DDD0003D2A4 /* Localizable.strings in Resources */ = {isa = PBXBuildFile; fileRef = 625F8A6327DE6DDD0003D2A4 /* Localizable.strings */; };
		62B18D4027CB952900498EC2 /* AppDelegate.swift in Sources */ = {isa = PBXBuildFile; fileRef = 62B18D3F27CB952900498EC2 /* AppDelegate.swift */; };
		62B18D4227CB952900498EC2 /* SceneDelegate.swift in Sources */ = {isa = PBXBuildFile; fileRef = 62B18D4127CB952900498EC2 /* SceneDelegate.swift */; };
		62B18D4927CB952A00498EC2 /* Assets.xcassets in Resources */ = {isa = PBXBuildFile; fileRef = 62B18D4827CB952A00498EC2 /* Assets.xcassets */; };
		62B18D4C27CB952A00498EC2 /* LaunchScreen.storyboard in Resources */ = {isa = PBXBuildFile; fileRef = 62B18D4A27CB952A00498EC2 /* LaunchScreen.storyboard */; };
		62B18D5A27CB95F500498EC2 /* HomeProtocols.swift in Sources */ = {isa = PBXBuildFile; fileRef = 62B18D5927CB95F500498EC2 /* HomeProtocols.swift */; };
		62B18D5C27CB960400498EC2 /* HomeViewController.swift in Sources */ = {isa = PBXBuildFile; fileRef = 62B18D5B27CB960400498EC2 /* HomeViewController.swift */; };
		62B18D5E27CB961000498EC2 /* HomeInteractor.swift in Sources */ = {isa = PBXBuildFile; fileRef = 62B18D5D27CB961000498EC2 /* HomeInteractor.swift */; };
		62B18D6027CB961800498EC2 /* HomePresenter.swift in Sources */ = {isa = PBXBuildFile; fileRef = 62B18D5F27CB961800498EC2 /* HomePresenter.swift */; };
		62B18D6227CB962000498EC2 /* HomeRouter.swift in Sources */ = {isa = PBXBuildFile; fileRef = 62B18D6127CB962000498EC2 /* HomeRouter.swift */; };
		62B18D6527CBA56A00498EC2 /* APIManager.swift in Sources */ = {isa = PBXBuildFile; fileRef = 62B18D6427CBA56A00498EC2 /* APIManager.swift */; };
		62B18D6727CBAEB000498EC2 /* MovieManager.swift in Sources */ = {isa = PBXBuildFile; fileRef = 62B18D6627CBAEB000498EC2 /* MovieManager.swift */; };
		62B18D6A27CBAFF300498EC2 /* Movie.swift in Sources */ = {isa = PBXBuildFile; fileRef = 62B18D6927CBAFF300498EC2 /* Movie.swift */; };
		62C46CE727CC07DB00B88963 /* HorizontalMoviesCollectionViewCell.swift in Sources */ = {isa = PBXBuildFile; fileRef = 62C46CE627CC07DB00B88963 /* HorizontalMoviesCollectionViewCell.swift */; };
		62F462C627EF7A14001C7256 /* HomeDetailProtocols.swift in Sources */ = {isa = PBXBuildFile; fileRef = 62F462C527EF7A14001C7256 /* HomeDetailProtocols.swift */; };
		62F462C827EF7A25001C7256 /* HomeDetailViewController.swift in Sources */ = {isa = PBXBuildFile; fileRef = 62F462C727EF7A25001C7256 /* HomeDetailViewController.swift */; };
		62F462CC27EF7A47001C7256 /* HomeDetailPresenter.swift in Sources */ = {isa = PBXBuildFile; fileRef = 62F462CB27EF7A47001C7256 /* HomeDetailPresenter.swift */; };
		62F462CE27EF7A54001C7256 /* HomeDetailRouter.swift in Sources */ = {isa = PBXBuildFile; fileRef = 62F462CD27EF7A54001C7256 /* HomeDetailRouter.swift */; };
		62F8E5E627DE71DD00BE6178 /* R.generated.swift in Sources */ = {isa = PBXBuildFile; fileRef = 62F8E5E527DE71DD00BE6178 /* R.generated.swift */; };
/* End PBXBuildFile section */

/* Begin PBXFileReference section */
		16FCF357D03AA017D0D6117B /* Pods_mooviez.framework */ = {isa = PBXFileReference; explicitFileType = wrapper.framework; includeInIndex = 0; path = Pods_mooviez.framework; sourceTree = BUILT_PRODUCTS_DIR; };
		282E64F30D3461AE1083175B /* Pods-mooviez.release.xcconfig */ = {isa = PBXFileReference; includeInIndex = 1; lastKnownFileType = text.xcconfig; name = "Pods-mooviez.release.xcconfig"; path = "Target Support Files/Pods-mooviez/Pods-mooviez.release.xcconfig"; sourceTree = "<group>"; };
		620CDB1827F62BD00086AB5E /* TabbarViewController.swift */ = {isa = PBXFileReference; lastKnownFileType = sourcecode.swift; path = TabbarViewController.swift; sourceTree = "<group>"; };
		620CDB1B27F63E3E0086AB5E /* SearchProtocols.swift */ = {isa = PBXFileReference; lastKnownFileType = sourcecode.swift; path = SearchProtocols.swift; sourceTree = "<group>"; };
		620CDB1D27F63E480086AB5E /* SearchViewController.swift */ = {isa = PBXFileReference; lastKnownFileType = sourcecode.swift; path = SearchViewController.swift; sourceTree = "<group>"; };
		620CDB1F27F63E500086AB5E /* SearchPresenter.swift */ = {isa = PBXFileReference; lastKnownFileType = sourcecode.swift; path = SearchPresenter.swift; sourceTree = "<group>"; };
		620CDB2127F63E5A0086AB5E /* SearchInteractor.swift */ = {isa = PBXFileReference; lastKnownFileType = sourcecode.swift; path = SearchInteractor.swift; sourceTree = "<group>"; };
		620CDB2327F63E610086AB5E /* SearchRouter.swift */ = {isa = PBXFileReference; lastKnownFileType = sourcecode.swift; path = SearchRouter.swift; sourceTree = "<group>"; };
		62252DA427DFC91E00AEDA9C /* VerticalMoviesCollectionViewCell.swift */ = {isa = PBXFileReference; lastKnownFileType = sourcecode.swift; path = VerticalMoviesCollectionViewCell.swift; sourceTree = "<group>"; };
		623A011E27F7609800435C98 /* SearchMovieTableViewCell.swift */ = {isa = PBXFileReference; lastKnownFileType = sourcecode.swift; path = SearchMovieTableViewCell.swift; sourceTree = "<group>"; };
		6245DC6F27F58F47006AEEF9 /* MovieVideo.swift */ = {isa = PBXFileReference; lastKnownFileType = sourcecode.swift; path = MovieVideo.swift; sourceTree = "<group>"; };
		6245DC7227F59097006AEEF9 /* HomeVideoProtocols.swift */ = {isa = PBXFileReference; lastKnownFileType = sourcecode.swift; path = HomeVideoProtocols.swift; sourceTree = "<group>"; };
		6245DC7427F590A5006AEEF9 /* HomeVideoViewController.swift */ = {isa = PBXFileReference; lastKnownFileType = sourcecode.swift; path = HomeVideoViewController.swift; sourceTree = "<group>"; };
		6245DC7627F590B8006AEEF9 /* HomeVideoInteractor.swift */ = {isa = PBXFileReference; lastKnownFileType = sourcecode.swift; path = HomeVideoInteractor.swift; sourceTree = "<group>"; };
		6245DC7827F590C1006AEEF9 /* HomeVideoPresenter.swift */ = {isa = PBXFileReference; lastKnownFileType = sourcecode.swift; path = HomeVideoPresenter.swift; sourceTree = "<group>"; };
		6245DC7A27F590CD006AEEF9 /* HomeVideoRouter.swift */ = {isa = PBXFileReference; lastKnownFileType = sourcecode.swift; path = HomeVideoRouter.swift; sourceTree = "<group>"; };
		625F0EC527D54CB200598474 /* Montserrat-Italic.ttf */ = {isa = PBXFileReference; lastKnownFileType = file; path = "Montserrat-Italic.ttf"; sourceTree = "<group>"; };
		625F0EC727D54CC000598474 /* Montserrat-Bold.ttf */ = {isa = PBXFileReference; lastKnownFileType = file; path = "Montserrat-Bold.ttf"; sourceTree = "<group>"; };
		625F0EC927D54CD400598474 /* Montserrat-Regular.ttf */ = {isa = PBXFileReference; lastKnownFileType = file; path = "Montserrat-Regular.ttf"; sourceTree = "<group>"; };
		625F0ECB27D54CED00598474 /* Montserrat-Light.ttf */ = {isa = PBXFileReference; lastKnownFileType = file; path = "Montserrat-Light.ttf"; sourceTree = "<group>"; };
		625F0ECD27D54CFB00598474 /* Montserrat-Medium.ttf */ = {isa = PBXFileReference; lastKnownFileType = file; path = "Montserrat-Medium.ttf"; sourceTree = "<group>"; };
		625F8A6327DE6DDD0003D2A4 /* Localizable.strings */ = {isa = PBXFileReference; lastKnownFileType = text.plist.strings; path = Localizable.strings; sourceTree = "<group>"; };
		62B18D3C27CB952900498EC2 /* mooviez.app */ = {isa = PBXFileReference; explicitFileType = wrapper.application; includeInIndex = 0; path = mooviez.app; sourceTree = BUILT_PRODUCTS_DIR; };
		62B18D3F27CB952900498EC2 /* AppDelegate.swift */ = {isa = PBXFileReference; lastKnownFileType = sourcecode.swift; path = AppDelegate.swift; sourceTree = "<group>"; };
		62B18D4127CB952900498EC2 /* SceneDelegate.swift */ = {isa = PBXFileReference; lastKnownFileType = sourcecode.swift; path = SceneDelegate.swift; sourceTree = "<group>"; };
		62B18D4827CB952A00498EC2 /* Assets.xcassets */ = {isa = PBXFileReference; lastKnownFileType = folder.assetcatalog; path = Assets.xcassets; sourceTree = "<group>"; };
		62B18D4B27CB952A00498EC2 /* Base */ = {isa = PBXFileReference; lastKnownFileType = file.storyboard; name = Base; path = Base.lproj/LaunchScreen.storyboard; sourceTree = "<group>"; };
		62B18D4D27CB952A00498EC2 /* Info.plist */ = {isa = PBXFileReference; lastKnownFileType = text.plist.xml; path = Info.plist; sourceTree = "<group>"; };
		62B18D5927CB95F500498EC2 /* HomeProtocols.swift */ = {isa = PBXFileReference; lastKnownFileType = sourcecode.swift; path = HomeProtocols.swift; sourceTree = "<group>"; };
		62B18D5B27CB960400498EC2 /* HomeViewController.swift */ = {isa = PBXFileReference; lastKnownFileType = sourcecode.swift; path = HomeViewController.swift; sourceTree = "<group>"; };
		62B18D5D27CB961000498EC2 /* HomeInteractor.swift */ = {isa = PBXFileReference; lastKnownFileType = sourcecode.swift; path = HomeInteractor.swift; sourceTree = "<group>"; };
		62B18D5F27CB961800498EC2 /* HomePresenter.swift */ = {isa = PBXFileReference; lastKnownFileType = sourcecode.swift; path = HomePresenter.swift; sourceTree = "<group>"; };
		62B18D6127CB962000498EC2 /* HomeRouter.swift */ = {isa = PBXFileReference; lastKnownFileType = sourcecode.swift; path = HomeRouter.swift; sourceTree = "<group>"; };
		62B18D6427CBA56A00498EC2 /* APIManager.swift */ = {isa = PBXFileReference; lastKnownFileType = sourcecode.swift; path = APIManager.swift; sourceTree = "<group>"; };
		62B18D6627CBAEB000498EC2 /* MovieManager.swift */ = {isa = PBXFileReference; lastKnownFileType = sourcecode.swift; path = MovieManager.swift; sourceTree = "<group>"; };
		62B18D6927CBAFF300498EC2 /* Movie.swift */ = {isa = PBXFileReference; lastKnownFileType = sourcecode.swift; path = Movie.swift; sourceTree = "<group>"; };
		62C46CE627CC07DB00B88963 /* HorizontalMoviesCollectionViewCell.swift */ = {isa = PBXFileReference; lastKnownFileType = sourcecode.swift; path = HorizontalMoviesCollectionViewCell.swift; sourceTree = "<group>"; };
		62F462C527EF7A14001C7256 /* HomeDetailProtocols.swift */ = {isa = PBXFileReference; lastKnownFileType = sourcecode.swift; path = HomeDetailProtocols.swift; sourceTree = "<group>"; };
		62F462C727EF7A25001C7256 /* HomeDetailViewController.swift */ = {isa = PBXFileReference; lastKnownFileType = sourcecode.swift; path = HomeDetailViewController.swift; sourceTree = "<group>"; };
		62F462CB27EF7A47001C7256 /* HomeDetailPresenter.swift */ = {isa = PBXFileReference; lastKnownFileType = sourcecode.swift; path = HomeDetailPresenter.swift; sourceTree = "<group>"; };
		62F462CD27EF7A54001C7256 /* HomeDetailRouter.swift */ = {isa = PBXFileReference; lastKnownFileType = sourcecode.swift; path = HomeDetailRouter.swift; sourceTree = "<group>"; };
		62F8E5E527DE71DD00BE6178 /* R.generated.swift */ = {isa = PBXFileReference; fileEncoding = 4; lastKnownFileType = sourcecode.swift; path = R.generated.swift; sourceTree = SOURCE_ROOT; };
		862063C211A1FA6DF9B13C39 /* Pods-mooviez.debug.xcconfig */ = {isa = PBXFileReference; includeInIndex = 1; lastKnownFileType = text.xcconfig; name = "Pods-mooviez.debug.xcconfig"; path = "Target Support Files/Pods-mooviez/Pods-mooviez.debug.xcconfig"; sourceTree = "<group>"; };
/* End PBXFileReference section */

/* Begin PBXFrameworksBuildPhase section */
		62B18D3927CB952900498EC2 /* Frameworks */ = {
			isa = PBXFrameworksBuildPhase;
			buildActionMask = 2147483647;
			files = (
				261DF98ABDDD083296AF3560 /* Pods_mooviez.framework in Frameworks */,
			);
			runOnlyForDeploymentPostprocessing = 0;
		};
/* End PBXFrameworksBuildPhase section */

/* Begin PBXGroup section */
		1DCE488B14522C0642A2EBAA /* Pods */ = {
			isa = PBXGroup;
			children = (
				862063C211A1FA6DF9B13C39 /* Pods-mooviez.debug.xcconfig */,
				282E64F30D3461AE1083175B /* Pods-mooviez.release.xcconfig */,
			);
			path = Pods;
			sourceTree = "<group>";
		};
		245015725EB9461AB31DC7C9 /* Frameworks */ = {
			isa = PBXGroup;
			children = (
				16FCF357D03AA017D0D6117B /* Pods_mooviez.framework */,
			);
			name = Frameworks;
			sourceTree = "<group>";
		};
		620CDB1727F62BBD0086AB5E /* main */ = {
			isa = PBXGroup;
			children = (
				620CDB1827F62BD00086AB5E /* TabbarViewController.swift */,
			);
			path = main;
			sourceTree = "<group>";
		};
		620CDB1A27F63E220086AB5E /* search */ = {
			isa = PBXGroup;
			children = (
				623A011D27F7607C00435C98 /* cells */,
				620CDB1B27F63E3E0086AB5E /* SearchProtocols.swift */,
				620CDB1D27F63E480086AB5E /* SearchViewController.swift */,
				620CDB1F27F63E500086AB5E /* SearchPresenter.swift */,
				620CDB2127F63E5A0086AB5E /* SearchInteractor.swift */,
				620CDB2327F63E610086AB5E /* SearchRouter.swift */,
			);
			path = search;
			sourceTree = "<group>";
		};
		623A011D27F7607C00435C98 /* cells */ = {
			isa = PBXGroup;
			children = (
				623A011E27F7609800435C98 /* SearchMovieTableViewCell.swift */,
			);
			path = cells;
			sourceTree = "<group>";
		};
		6245DC7127F5907D006AEEF9 /* homeVideo */ = {
			isa = PBXGroup;
			children = (
				6245DC7227F59097006AEEF9 /* HomeVideoProtocols.swift */,
				6245DC7427F590A5006AEEF9 /* HomeVideoViewController.swift */,
				6245DC7627F590B8006AEEF9 /* HomeVideoInteractor.swift */,
				6245DC7827F590C1006AEEF9 /* HomeVideoPresenter.swift */,
				6245DC7A27F590CD006AEEF9 /* HomeVideoRouter.swift */,
			);
			path = homeVideo;
			sourceTree = "<group>";
		};
		625F0EC427D54C9A00598474 /* Fonts */ = {
			isa = PBXGroup;
			children = (
				625F0ECD27D54CFB00598474 /* Montserrat-Medium.ttf */,
				625F0ECB27D54CED00598474 /* Montserrat-Light.ttf */,
				625F0EC527D54CB200598474 /* Montserrat-Italic.ttf */,
				625F0EC727D54CC000598474 /* Montserrat-Bold.ttf */,
				625F0EC927D54CD400598474 /* Montserrat-Regular.ttf */,
			);
			path = Fonts;
			sourceTree = "<group>";
		};
		625F0ECF27D54D0900598474 /* utilities */ = {
			isa = PBXGroup;
			children = (
				625F8A6327DE6DDD0003D2A4 /* Localizable.strings */,
			);
			path = utilities;
			sourceTree = "<group>";
		};
		62B18D3327CB952900498EC2 = {
			isa = PBXGroup;
			children = (
				62B18D3E27CB952900498EC2 /* mooviez */,
				62B18D3D27CB952900498EC2 /* Products */,
				1DCE488B14522C0642A2EBAA /* Pods */,
				245015725EB9461AB31DC7C9 /* Frameworks */,
			);
			sourceTree = "<group>";
		};
		62B18D3D27CB952900498EC2 /* Products */ = {
			isa = PBXGroup;
			children = (
				62B18D3C27CB952900498EC2 /* mooviez.app */,
			);
			name = Products;
			sourceTree = "<group>";
		};
		62B18D3E27CB952900498EC2 /* mooviez */ = {
			isa = PBXGroup;
			children = (
				62B18D5327CB956900498EC2 /* app */,
				62B18D5627CB95A100498EC2 /* source */,
				62B18D5527CB958C00498EC2 /* media */,
				62B18D5427CB957800498EC2 /* supporting-files */,
			);
			path = mooviez;
			sourceTree = "<group>";
		};
		62B18D5327CB956900498EC2 /* app */ = {
			isa = PBXGroup;
			children = (
				62B18D3F27CB952900498EC2 /* AppDelegate.swift */,
				62B18D4127CB952900498EC2 /* SceneDelegate.swift */,
			);
			path = app;
			sourceTree = "<group>";
		};
		62B18D5427CB957800498EC2 /* supporting-files */ = {
			isa = PBXGroup;
			children = (
				62F8E5E527DE71DD00BE6178 /* R.generated.swift */,
				62B18D4A27CB952A00498EC2 /* LaunchScreen.storyboard */,
				62B18D4D27CB952A00498EC2 /* Info.plist */,
			);
			path = "supporting-files";
			sourceTree = "<group>";
		};
		62B18D5527CB958C00498EC2 /* media */ = {
			isa = PBXGroup;
			children = (
				625F0EC427D54C9A00598474 /* Fonts */,
				62B18D4827CB952A00498EC2 /* Assets.xcassets */,
			);
			path = media;
			sourceTree = "<group>";
		};
		62B18D5627CB95A100498EC2 /* source */ = {
			isa = PBXGroup;
			children = (
				62B18D6827CBAFD500498EC2 /* models */,
				62B18D6327CBA55B00498EC2 /* managers */,
				62B18D5727CB95AB00498EC2 /* modules */,
				625F0ECF27D54D0900598474 /* utilities */,
			);
			path = source;
			sourceTree = "<group>";
		};
		62B18D5727CB95AB00498EC2 /* modules */ = {
			isa = PBXGroup;
			children = (
				620CDB1727F62BBD0086AB5E /* main */,
				62B18D5827CB95EC00498EC2 /* home */,
				62F462C427EF79F7001C7256 /* homeDetail */,
				6245DC7127F5907D006AEEF9 /* homeVideo */,
				620CDB1A27F63E220086AB5E /* search */,
			);
			path = modules;
			sourceTree = "<group>";
		};
		62B18D5827CB95EC00498EC2 /* home */ = {
			isa = PBXGroup;
			children = (
				62C46CE527CC07B400B88963 /* cells */,
				62B18D5927CB95F500498EC2 /* HomeProtocols.swift */,
				62B18D5B27CB960400498EC2 /* HomeViewController.swift */,
				62B18D5D27CB961000498EC2 /* HomeInteractor.swift */,
				62B18D5F27CB961800498EC2 /* HomePresenter.swift */,
				62B18D6127CB962000498EC2 /* HomeRouter.swift */,
			);
			path = home;
			sourceTree = "<group>";
		};
		62B18D6327CBA55B00498EC2 /* managers */ = {
			isa = PBXGroup;
			children = (
				62B18D6427CBA56A00498EC2 /* APIManager.swift */,
				62B18D6627CBAEB000498EC2 /* MovieManager.swift */,
			);
			path = managers;
			sourceTree = "<group>";
		};
		62B18D6827CBAFD500498EC2 /* models */ = {
			isa = PBXGroup;
			children = (
				62B18D6927CBAFF300498EC2 /* Movie.swift */,
				6245DC6F27F58F47006AEEF9 /* MovieVideo.swift */,
			);
			path = models;
			sourceTree = "<group>";
		};
		62C46CE527CC07B400B88963 /* cells */ = {
			isa = PBXGroup;
			children = (
				62C46CE627CC07DB00B88963 /* HorizontalMoviesCollectionViewCell.swift */,
				62252DA427DFC91E00AEDA9C /* VerticalMoviesCollectionViewCell.swift */,
			);
			path = cells;
			sourceTree = "<group>";
		};
		62F462C427EF79F7001C7256 /* homeDetail */ = {
			isa = PBXGroup;
			children = (
				62F462C527EF7A14001C7256 /* HomeDetailProtocols.swift */,
				62F462C727EF7A25001C7256 /* HomeDetailViewController.swift */,
				62F462CB27EF7A47001C7256 /* HomeDetailPresenter.swift */,
				62F462CD27EF7A54001C7256 /* HomeDetailRouter.swift */,
			);
			path = homeDetail;
			sourceTree = "<group>";
		};
/* End PBXGroup section */

/* Begin PBXNativeTarget section */
		62B18D3B27CB952900498EC2 /* mooviez */ = {
			isa = PBXNativeTarget;
			buildConfigurationList = 62B18D5027CB952A00498EC2 /* Build configuration list for PBXNativeTarget "mooviez" */;
			buildPhases = (
				41862C166391C795668F5DF6 /* [CP] Check Pods Manifest.lock */,
				62B18D3827CB952900498EC2 /* Sources */,
				62F8E5E427DE70F600BE6178 /* ShellScript */,
				62B18D3927CB952900498EC2 /* Frameworks */,
				62B18D3A27CB952900498EC2 /* Resources */,
				E8A70DABE9D14609077378CB /* [CP] Embed Pods Frameworks */,
			);
			buildRules = (
			);
			dependencies = (
			);
			name = mooviez;
			productName = mooviez;
			productReference = 62B18D3C27CB952900498EC2 /* mooviez.app */;
			productType = "com.apple.product-type.application";
		};
/* End PBXNativeTarget section */

/* Begin PBXProject section */
		62B18D3427CB952900498EC2 /* Project object */ = {
			isa = PBXProject;
			attributes = {
				BuildIndependentTargetsInParallel = 1;
				LastSwiftUpdateCheck = 1330;
				LastUpgradeCheck = 1330;
				TargetAttributes = {
					62B18D3B27CB952900498EC2 = {
						CreatedOnToolsVersion = 13.3;
					};
				};
			};
			buildConfigurationList = 62B18D3727CB952900498EC2 /* Build configuration list for PBXProject "mooviez" */;
			compatibilityVersion = "Xcode 13.0";
			developmentRegion = en;
			hasScannedForEncodings = 0;
			knownRegions = (
				en,
				Base,
			);
			mainGroup = 62B18D3327CB952900498EC2;
			productRefGroup = 62B18D3D27CB952900498EC2 /* Products */;
			projectDirPath = "";
			projectRoot = "";
			targets = (
				62B18D3B27CB952900498EC2 /* mooviez */,
			);
		};
/* End PBXProject section */

/* Begin PBXResourcesBuildPhase section */
		62B18D3A27CB952900498EC2 /* Resources */ = {
			isa = PBXResourcesBuildPhase;
			buildActionMask = 2147483647;
			files = (
				625F0ECC27D54CED00598474 /* Montserrat-Light.ttf in Resources */,
				625F0EC827D54CC000598474 /* Montserrat-Bold.ttf in Resources */,
				625F0EC627D54CB200598474 /* Montserrat-Italic.ttf in Resources */,
				625F0ECE27D54CFB00598474 /* Montserrat-Medium.ttf in Resources */,
				62B18D4C27CB952A00498EC2 /* LaunchScreen.storyboard in Resources */,
				625F8A6427DE6DDD0003D2A4 /* Localizable.strings in Resources */,
				625F0ECA27D54CD400598474 /* Montserrat-Regular.ttf in Resources */,
				62B18D4927CB952A00498EC2 /* Assets.xcassets in Resources */,
			);
			runOnlyForDeploymentPostprocessing = 0;
		};
/* End PBXResourcesBuildPhase section */

/* Begin PBXShellScriptBuildPhase section */
		41862C166391C795668F5DF6 /* [CP] Check Pods Manifest.lock */ = {
			isa = PBXShellScriptBuildPhase;
			buildActionMask = 2147483647;
			files = (
			);
			inputFileListPaths = (
			);
			inputPaths = (
				"${PODS_PODFILE_DIR_PATH}/Podfile.lock",
				"${PODS_ROOT}/Manifest.lock",
			);
			name = "[CP] Check Pods Manifest.lock";
			outputFileListPaths = (
			);
			outputPaths = (
				"$(DERIVED_FILE_DIR)/Pods-mooviez-checkManifestLockResult.txt",
			);
			runOnlyForDeploymentPostprocessing = 0;
			shellPath = /bin/sh;
			shellScript = "diff \"${PODS_PODFILE_DIR_PATH}/Podfile.lock\" \"${PODS_ROOT}/Manifest.lock\" > /dev/null\nif [ $? != 0 ] ; then\n    # print error to STDERR\n    echo \"error: The sandbox is not in sync with the Podfile.lock. Run 'pod install' or update your CocoaPods installation.\" >&2\n    exit 1\nfi\n# This output is used by Xcode 'outputs' to avoid re-running this script phase.\necho \"SUCCESS\" > \"${SCRIPT_OUTPUT_FILE_0}\"\n";
			showEnvVarsInLog = 0;
		};
		62F8E5E427DE70F600BE6178 /* ShellScript */ = {
			isa = PBXShellScriptBuildPhase;
			alwaysOutOfDate = 1;
			buildActionMask = 2147483647;
			files = (
			);
			inputFileListPaths = (
			);
			inputPaths = (
			);
			outputFileListPaths = (
			);
			outputPaths = (
				"$(DERIVED_FILE_DIR)/\"$PODS_ROOT/R.swift/rswift\" generate \"$SRCROOT/R.generated.swift\"",
			);
			runOnlyForDeploymentPostprocessing = 0;
			shellPath = /bin/sh;
			shellScript = "# Type a script or drag a script file from your workspace to insert its path.\n\"$PODS_ROOT/R.swift/rswift\" generate \"$SRCROOT/R.generated.swift\"\n";
		};
		E8A70DABE9D14609077378CB /* [CP] Embed Pods Frameworks */ = {
			isa = PBXShellScriptBuildPhase;
			buildActionMask = 2147483647;
			files = (
			);
			inputFileListPaths = (
				"${PODS_ROOT}/Target Support Files/Pods-mooviez/Pods-mooviez-frameworks-${CONFIGURATION}-input-files.xcfilelist",
			);
			name = "[CP] Embed Pods Frameworks";
			outputFileListPaths = (
				"${PODS_ROOT}/Target Support Files/Pods-mooviez/Pods-mooviez-frameworks-${CONFIGURATION}-output-files.xcfilelist",
			);
			runOnlyForDeploymentPostprocessing = 0;
			shellPath = /bin/sh;
			shellScript = "\"${PODS_ROOT}/Target Support Files/Pods-mooviez/Pods-mooviez-frameworks.sh\"\n";
			showEnvVarsInLog = 0;
		};
/* End PBXShellScriptBuildPhase section */

/* Begin PBXSourcesBuildPhase section */
		62B18D3827CB952900498EC2 /* Sources */ = {
			isa = PBXSourcesBuildPhase;
			buildActionMask = 2147483647;
			files = (
				62F462C827EF7A25001C7256 /* HomeDetailViewController.swift in Sources */,
				62B18D6527CBA56A00498EC2 /* APIManager.swift in Sources */,
				62B18D4027CB952900498EC2 /* AppDelegate.swift in Sources */,
				62B18D5A27CB95F500498EC2 /* HomeProtocols.swift in Sources */,
				620CDB2427F63E610086AB5E /* SearchRouter.swift in Sources */,
				62C46CE727CC07DB00B88963 /* HorizontalMoviesCollectionViewCell.swift in Sources */,
				62B18D6227CB962000498EC2 /* HomeRouter.swift in Sources */,
				620CDB2227F63E5A0086AB5E /* SearchInteractor.swift in Sources */,
				62F462C627EF7A14001C7256 /* HomeDetailProtocols.swift in Sources */,
				6245DC7B27F590CD006AEEF9 /* HomeVideoRouter.swift in Sources */,
				620CDB1E27F63E480086AB5E /* SearchViewController.swift in Sources */,
				620CDB1927F62BD00086AB5E /* TabbarViewController.swift in Sources */,
				62F8E5E627DE71DD00BE6178 /* R.generated.swift in Sources */,
				62B18D4227CB952900498EC2 /* SceneDelegate.swift in Sources */,
				62B18D6027CB961800498EC2 /* HomePresenter.swift in Sources */,
				6245DC7327F59097006AEEF9 /* HomeVideoProtocols.swift in Sources */,
				6245DC7927F590C1006AEEF9 /* HomeVideoPresenter.swift in Sources */,
				6245DC7527F590A5006AEEF9 /* HomeVideoViewController.swift in Sources */,
				623A011F27F7609800435C98 /* SearchMovieTableViewCell.swift in Sources */,
				6245DC7027F58F47006AEEF9 /* MovieVideo.swift in Sources */,
				6245DC7727F590B8006AEEF9 /* HomeVideoInteractor.swift in Sources */,
				62B18D5E27CB961000498EC2 /* HomeInteractor.swift in Sources */,
				62B18D6727CBAEB000498EC2 /* MovieManager.swift in Sources */,
				620CDB2027F63E500086AB5E /* SearchPresenter.swift in Sources */,
				62B18D6A27CBAFF300498EC2 /* Movie.swift in Sources */,
				62F462CE27EF7A54001C7256 /* HomeDetailRouter.swift in Sources */,
				620CDB1C27F63E3E0086AB5E /* SearchProtocols.swift in Sources */,
				62B18D5C27CB960400498EC2 /* HomeViewController.swift in Sources */,
				62F462CC27EF7A47001C7256 /* HomeDetailPresenter.swift in Sources */,
				62252DA527DFC91E00AEDA9C /* VerticalMoviesCollectionViewCell.swift in Sources */,
			);
			runOnlyForDeploymentPostprocessing = 0;
		};
/* End PBXSourcesBuildPhase section */

/* Begin PBXVariantGroup section */
		62B18D4A27CB952A00498EC2 /* LaunchScreen.storyboard */ = {
			isa = PBXVariantGroup;
			children = (
				62B18D4B27CB952A00498EC2 /* Base */,
			);
			name = LaunchScreen.storyboard;
			sourceTree = "<group>";
		};
/* End PBXVariantGroup section */

/* Begin XCBuildConfiguration section */
		62B18D4E27CB952A00498EC2 /* Debug */ = {
			isa = XCBuildConfiguration;
			buildSettings = {
				ALWAYS_SEARCH_USER_PATHS = NO;
				CLANG_ANALYZER_NONNULL = YES;
				CLANG_ANALYZER_NUMBER_OBJECT_CONVERSION = YES_AGGRESSIVE;
				CLANG_CXX_LANGUAGE_STANDARD = "gnu++17";
				CLANG_ENABLE_MODULES = YES;
				CLANG_ENABLE_OBJC_ARC = YES;
				CLANG_ENABLE_OBJC_WEAK = YES;
				CLANG_WARN_BLOCK_CAPTURE_AUTORELEASING = YES;
				CLANG_WARN_BOOL_CONVERSION = YES;
				CLANG_WARN_COMMA = YES;
				CLANG_WARN_CONSTANT_CONVERSION = YES;
				CLANG_WARN_DEPRECATED_OBJC_IMPLEMENTATIONS = YES;
				CLANG_WARN_DIRECT_OBJC_ISA_USAGE = YES_ERROR;
				CLANG_WARN_DOCUMENTATION_COMMENTS = YES;
				CLANG_WARN_EMPTY_BODY = YES;
				CLANG_WARN_ENUM_CONVERSION = YES;
				CLANG_WARN_INFINITE_RECURSION = YES;
				CLANG_WARN_INT_CONVERSION = YES;
				CLANG_WARN_NON_LITERAL_NULL_CONVERSION = YES;
				CLANG_WARN_OBJC_IMPLICIT_RETAIN_SELF = YES;
				CLANG_WARN_OBJC_LITERAL_CONVERSION = YES;
				CLANG_WARN_OBJC_ROOT_CLASS = YES_ERROR;
				CLANG_WARN_QUOTED_INCLUDE_IN_FRAMEWORK_HEADER = YES;
				CLANG_WARN_RANGE_LOOP_ANALYSIS = YES;
				CLANG_WARN_STRICT_PROTOTYPES = YES;
				CLANG_WARN_SUSPICIOUS_MOVE = YES;
				CLANG_WARN_UNGUARDED_AVAILABILITY = YES_AGGRESSIVE;
				CLANG_WARN_UNREACHABLE_CODE = YES;
				CLANG_WARN__DUPLICATE_METHOD_MATCH = YES;
				COPY_PHASE_STRIP = NO;
				DEBUG_INFORMATION_FORMAT = dwarf;
				ENABLE_STRICT_OBJC_MSGSEND = YES;
				ENABLE_TESTABILITY = YES;
				GCC_C_LANGUAGE_STANDARD = gnu11;
				GCC_DYNAMIC_NO_PIC = NO;
				GCC_NO_COMMON_BLOCKS = YES;
				GCC_OPTIMIZATION_LEVEL = 0;
				GCC_PREPROCESSOR_DEFINITIONS = (
					"DEBUG=1",
					"$(inherited)",
				);
				GCC_WARN_64_TO_32_BIT_CONVERSION = YES;
				GCC_WARN_ABOUT_RETURN_TYPE = YES_ERROR;
				GCC_WARN_UNDECLARED_SELECTOR = YES;
				GCC_WARN_UNINITIALIZED_AUTOS = YES_AGGRESSIVE;
				GCC_WARN_UNUSED_FUNCTION = YES;
				GCC_WARN_UNUSED_VARIABLE = YES;
				IPHONEOS_DEPLOYMENT_TARGET = 15.4;
				MTL_ENABLE_DEBUG_INFO = INCLUDE_SOURCE;
				MTL_FAST_MATH = YES;
				ONLY_ACTIVE_ARCH = YES;
				SDKROOT = iphoneos;
				SWIFT_ACTIVE_COMPILATION_CONDITIONS = DEBUG;
				SWIFT_OPTIMIZATION_LEVEL = "-Onone";
			};
			name = Debug;
		};
		62B18D4F27CB952A00498EC2 /* Release */ = {
			isa = XCBuildConfiguration;
			buildSettings = {
				ALWAYS_SEARCH_USER_PATHS = NO;
				CLANG_ANALYZER_NONNULL = YES;
				CLANG_ANALYZER_NUMBER_OBJECT_CONVERSION = YES_AGGRESSIVE;
				CLANG_CXX_LANGUAGE_STANDARD = "gnu++17";
				CLANG_ENABLE_MODULES = YES;
				CLANG_ENABLE_OBJC_ARC = YES;
				CLANG_ENABLE_OBJC_WEAK = YES;
				CLANG_WARN_BLOCK_CAPTURE_AUTORELEASING = YES;
				CLANG_WARN_BOOL_CONVERSION = YES;
				CLANG_WARN_COMMA = YES;
				CLANG_WARN_CONSTANT_CONVERSION = YES;
				CLANG_WARN_DEPRECATED_OBJC_IMPLEMENTATIONS = YES;
				CLANG_WARN_DIRECT_OBJC_ISA_USAGE = YES_ERROR;
				CLANG_WARN_DOCUMENTATION_COMMENTS = YES;
				CLANG_WARN_EMPTY_BODY = YES;
				CLANG_WARN_ENUM_CONVERSION = YES;
				CLANG_WARN_INFINITE_RECURSION = YES;
				CLANG_WARN_INT_CONVERSION = YES;
				CLANG_WARN_NON_LITERAL_NULL_CONVERSION = YES;
				CLANG_WARN_OBJC_IMPLICIT_RETAIN_SELF = YES;
				CLANG_WARN_OBJC_LITERAL_CONVERSION = YES;
				CLANG_WARN_OBJC_ROOT_CLASS = YES_ERROR;
				CLANG_WARN_QUOTED_INCLUDE_IN_FRAMEWORK_HEADER = YES;
				CLANG_WARN_RANGE_LOOP_ANALYSIS = YES;
				CLANG_WARN_STRICT_PROTOTYPES = YES;
				CLANG_WARN_SUSPICIOUS_MOVE = YES;
				CLANG_WARN_UNGUARDED_AVAILABILITY = YES_AGGRESSIVE;
				CLANG_WARN_UNREACHABLE_CODE = YES;
				CLANG_WARN__DUPLICATE_METHOD_MATCH = YES;
				COPY_PHASE_STRIP = NO;
				DEBUG_INFORMATION_FORMAT = "dwarf-with-dsym";
				ENABLE_NS_ASSERTIONS = NO;
				ENABLE_STRICT_OBJC_MSGSEND = YES;
				GCC_C_LANGUAGE_STANDARD = gnu11;
				GCC_NO_COMMON_BLOCKS = YES;
				GCC_WARN_64_TO_32_BIT_CONVERSION = YES;
				GCC_WARN_ABOUT_RETURN_TYPE = YES_ERROR;
				GCC_WARN_UNDECLARED_SELECTOR = YES;
				GCC_WARN_UNINITIALIZED_AUTOS = YES_AGGRESSIVE;
				GCC_WARN_UNUSED_FUNCTION = YES;
				GCC_WARN_UNUSED_VARIABLE = YES;
				IPHONEOS_DEPLOYMENT_TARGET = 15.4;
				MTL_ENABLE_DEBUG_INFO = NO;
				MTL_FAST_MATH = YES;
				SDKROOT = iphoneos;
				SWIFT_COMPILATION_MODE = wholemodule;
				SWIFT_OPTIMIZATION_LEVEL = "-O";
				VALIDATE_PRODUCT = YES;
			};
			name = Release;
		};
		62B18D5127CB952A00498EC2 /* Debug */ = {
			isa = XCBuildConfiguration;
			baseConfigurationReference = 862063C211A1FA6DF9B13C39 /* Pods-mooviez.debug.xcconfig */;
			buildSettings = {
				ASSETCATALOG_COMPILER_APPICON_NAME = AppIcon;
				ASSETCATALOG_COMPILER_GLOBAL_ACCENT_COLOR_NAME = AccentColor;
				CODE_SIGN_STYLE = Automatic;
				CURRENT_PROJECT_VERSION = 1;
				DEVELOPMENT_TEAM = B7Q9G7MBM8;
				GENERATE_INFOPLIST_FILE = YES;
				INFOPLIST_FILE = "mooviez/supporting-files/Info.plist";
				INFOPLIST_KEY_UIApplicationSupportsIndirectInputEvents = YES;
				INFOPLIST_KEY_UILaunchStoryboardName = LaunchScreen;
				INFOPLIST_KEY_UISupportedInterfaceOrientations_iPad = "UIInterfaceOrientationPortrait UIInterfaceOrientationPortraitUpsideDown UIInterfaceOrientationLandscapeLeft UIInterfaceOrientationLandscapeRight";
				INFOPLIST_KEY_UISupportedInterfaceOrientations_iPhone = "UIInterfaceOrientationPortrait UIInterfaceOrientationLandscapeLeft UIInterfaceOrientationLandscapeRight";
				LD_RUNPATH_SEARCH_PATHS = (
					"$(inherited)",
					"@executable_path/Frameworks",
				);
				MARKETING_VERSION = 1.0;
				PRODUCT_BUNDLE_IDENTIFIER = "betul-calik.mooviez";
				PRODUCT_NAME = "$(TARGET_NAME)";
				SWIFT_EMIT_LOC_STRINGS = YES;
				SWIFT_VERSION = 5.0;
				TARGETED_DEVICE_FAMILY = "1,2";
			};
			name = Debug;
		};
		62B18D5227CB952A00498EC2 /* Release */ = {
			isa = XCBuildConfiguration;
			baseConfigurationReference = 282E64F30D3461AE1083175B /* Pods-mooviez.release.xcconfig */;
			buildSettings = {
				ASSETCATALOG_COMPILER_APPICON_NAME = AppIcon;
				ASSETCATALOG_COMPILER_GLOBAL_ACCENT_COLOR_NAME = AccentColor;
				CODE_SIGN_STYLE = Automatic;
				CURRENT_PROJECT_VERSION = 1;
				DEVELOPMENT_TEAM = B7Q9G7MBM8;
				GENERATE_INFOPLIST_FILE = YES;
				INFOPLIST_FILE = "mooviez/supporting-files/Info.plist";
				INFOPLIST_KEY_UIApplicationSupportsIndirectInputEvents = YES;
				INFOPLIST_KEY_UILaunchStoryboardName = LaunchScreen;
				INFOPLIST_KEY_UISupportedInterfaceOrientations_iPad = "UIInterfaceOrientationPortrait UIInterfaceOrientationPortraitUpsideDown UIInterfaceOrientationLandscapeLeft UIInterfaceOrientationLandscapeRight";
				INFOPLIST_KEY_UISupportedInterfaceOrientations_iPhone = "UIInterfaceOrientationPortrait UIInterfaceOrientationLandscapeLeft UIInterfaceOrientationLandscapeRight";
				LD_RUNPATH_SEARCH_PATHS = (
					"$(inherited)",
					"@executable_path/Frameworks",
				);
				MARKETING_VERSION = 1.0;
				PRODUCT_BUNDLE_IDENTIFIER = "betul-calik.mooviez";
				PRODUCT_NAME = "$(TARGET_NAME)";
				SWIFT_EMIT_LOC_STRINGS = YES;
				SWIFT_VERSION = 5.0;
				TARGETED_DEVICE_FAMILY = "1,2";
			};
			name = Release;
		};
/* End XCBuildConfiguration section */

/* Begin XCConfigurationList section */
		62B18D3727CB952900498EC2 /* Build configuration list for PBXProject "mooviez" */ = {
			isa = XCConfigurationList;
			buildConfigurations = (
				62B18D4E27CB952A00498EC2 /* Debug */,
				62B18D4F27CB952A00498EC2 /* Release */,
			);
			defaultConfigurationIsVisible = 0;
			defaultConfigurationName = Release;
		};
		62B18D5027CB952A00498EC2 /* Build configuration list for PBXNativeTarget "mooviez" */ = {
			isa = XCConfigurationList;
			buildConfigurations = (
				62B18D5127CB952A00498EC2 /* Debug */,
				62B18D5227CB952A00498EC2 /* Release */,
			);
			defaultConfigurationIsVisible = 0;
			defaultConfigurationName = Release;
		};
/* End XCConfigurationList section */
	};
	rootObject = 62B18D3427CB952900498EC2 /* Project object */;
}
